
Microsoft Visual Studio Solution File, Format Version 12.00
# Visual Studio Version 17
VisualStudioVersion = 17.12.35527.113
MinimumVisualStudioVersion = 10.0.40219.1
Project("{FAE04EC0-301F-11D3-BF4B-00C04F79EFBC}") = "ProductCatalog.Wep", "ProductCatalog.Wep\ProductCatalog.Wep.csproj", "{E537E360-54C0-4A46-A181-5E5BC68C94F8}"
EndProject
Project("{FAE04EC0-301F-11D3-BF4B-00C04F79EFBC}") = "ProductCatalog.Core", "ProductCatalog.Core\ProductCatalog.Core.csproj", "{3ABF7901-47E5-4064-8484-CE6C8A8CB699}"
EndProject
Project("{FAE04EC0-301F-11D3-BF4B-00C04F79EFBC}") = "ProductCatalog.Application", "ProductCatalog.Application\ProductCatalog.Application.csproj", "{5938A529-493C-4740-A646-087DCBD74DD8}"
EndProject
Project("{FAE04EC0-301F-11D3-BF4B-00C04F79EFBC}") = "ProductCatalog.Infrastructure", "ProductCatalog.Infrastructure\ProductCatalog.Infrastructure.csproj", "{48CA2016-CAC3-4075-A8DA-8E8DE71EC408}"
EndProject
Project("{FAE04EC0-301F-11D3-BF4B-00C04F79EFBC}") = "ProductCatalog.Tests", "ProductCatalog.Tests\ProductCatalog.Tests.csproj", "{1F8D4451-F20E-487F-B6B4-6B6EBFA753DF}"
EndProject
Global
	GlobalSection(SolutionConfigurationPlatforms) = preSolution
		Debug|Any CPU = Debug|Any CPU
		Release|Any CPU = Release|Any CPU
	EndGlobalSection
	GlobalSection(ProjectConfigurationPlatforms) = postSolution
		{E537E360-54C0-4A46-A181-5E5BC68C94F8}.Debug|Any CPU.ActiveCfg = Debug|Any CPU
		{E537E360-54C0-4A46-A181-5E5BC68C94F8}.Debug|Any CPU.Build.0 = Debug|Any CPU
		{E537E360-54C0-4A46-A181-5E5BC68C94F8}.Release|Any CPU.ActiveCfg = Release|Any CPU
		{E537E360-54C0-4A46-A181-5E5BC68C94F8}.Release|Any CPU.Build.0 = Release|Any CPU
		{3ABF7901-47E5-4064-8484-CE6C8A8CB699}.Debug|Any CPU.ActiveCfg = Debug|Any CPU
		{3ABF7901-47E5-4064-8484-CE6C8A8CB699}.Debug|Any CPU.Build.0 = Debug|Any CPU
		{3ABF7901-47E5-4064-8484-CE6C8A8CB699}.Release|Any CPU.ActiveCfg = Release|Any CPU
		{3ABF7901-47E5-4064-8484-CE6C8A8CB699}.Release|Any CPU.Build.0 = Release|Any CPU
		{5938A529-493C-4740-A646-087DCBD74DD8}.Debug|Any CPU.ActiveCfg = Debug|Any CPU
		{5938A529-493C-4740-A646-087DCBD74DD8}.Debug|Any CPU.Build.0 = Debug|Any CPU
		{5938A529-493C-4740-A646-087DCBD74DD8}.Release|Any CPU.ActiveCfg = Release|Any CPU
		{5938A529-493C-4740-A646-087DCBD74DD8}.Release|Any CPU.Build.0 = Release|Any CPU
		{48CA2016-CAC3-4075-A8DA-8E8DE71EC408}.Debug|Any CPU.ActiveCfg = Debug|Any CPU
		{48CA2016-CAC3-4075-A8DA-8E8DE71EC408}.Debug|Any CPU.Build.0 = Debug|Any CPU
		{48CA2016-CAC3-4075-A8DA-8E8DE71EC408}.Release|Any CPU.ActiveCfg = Release|Any CPU
		{48CA2016-CAC3-4075-A8DA-8E8DE71EC408}.Release|Any CPU.Build.0 = Release|Any CPU
		{1F8D4451-F20E-487F-B6B4-6B6EBFA753DF}.Debug|Any CPU.ActiveCfg = Debug|Any CPU
		{1F8D4451-F20E-487F-B6B4-6B6EBFA753DF}.Debug|Any CPU.Build.0 = Debug|Any CPU
		{1F8D4451-F20E-487F-B6B4-6B6EBFA753DF}.Release|Any CPU.ActiveCfg = Release|Any CPU
		{1F8D4451-F20E-487F-B6B4-6B6EBFA753DF}.Release|Any CPU.Build.0 = Release|Any CPU
	EndGlobalSection
	GlobalSection(SolutionProperties) = preSolution
		HideSolutionNode = FALSE
	EndGlobalSection
EndGlobal
